
Microsoft Visual Studio Solution File, Format Version 12.00
# Visual Studio Version 17
VisualStudioVersion = 17.13.35931.197
MinimumVisualStudioVersion = 10.0.40219.1
Project("{FAE04EC0-301F-11D3-BF4B-00C04F79EFBC}") = "ASODotNetTrainingBatch1.ConsoleApp", "ASODotNetTrainingBatch1\ASODotNetTrainingBatch1.ConsoleApp.csproj", "{ADABC319-4E4F-43E0-9413-DCA95DDC8D88}"
EndProject
Project("{FAE04EC0-301F-11D3-BF4B-00C04F79EFBC}") = "ASODotNetTrainingBatch1.WinFormsApp", "ASODotNetTrainingBatch1.WinFormsApp\ASODotNetTrainingBatch1.WinFormsApp.csproj", "{B688EA03-B63C-4D7A-A0A8-6EA3CD007A33}"
EndProject
Project("{FAE04EC0-301F-11D3-BF4B-00C04F79EFBC}") = "ASODotNetTrainingBatch1.ConsoleApp2", "ASODotNetTrainingBatch1.ConsoleApp2\ASODotNetTrainingBatch1.ConsoleApp2.csproj", "{E78D0111-32EB-44A7-AEFE-EB44A9F624D3}"
EndProject
Project("{2150E333-8FDC-42A3-9474-1A3956D46DE8}") = "Solution Items", "Solution Items", "{8EC462FD-D22E-90A8-E5CE-7E832BA40C5D}"
	ProjectSection(SolutionItems) = preProject
		README.md = README.md
	EndProjectSection
EndProject
Project("{FAE04EC0-301F-11D3-BF4B-00C04F79EFBC}") = "ASODotNetTrainingBatch1.ConsoleApp3", "ASODotNetTrainingBatch1.ConsoleApp3\ASODotNetTrainingBatch1.ConsoleApp3.csproj", "{74F40489-923C-4CCB-A287-201B78CAE302}"
EndProject
Project("{FAE04EC0-301F-11D3-BF4B-00C04F79EFBC}") = "ASODotNetTrainingBatch1.WebApi", "ASODotNetTrainingBatch1.WebApi\ASODotNetTrainingBatch1.WebApi.csproj", "{1A5A4CA2-3C14-4BD8-A2BA-F932F17EA4B5}"
EndProject
Project("{FAE04EC0-301F-11D3-BF4B-00C04F79EFBC}") = "ASODotNetTrainingBatch1.Shared", "ASODotNetTrainingBatch1.Shared\ASODotNetTrainingBatch1.Shared.csproj", "{21638769-53CF-4AD5-8FBE-3BFAF5BFADFE}"
EndProject
Project("{FAE04EC0-301F-11D3-BF4B-00C04F79EFBC}") = "ASODotNetTrainingBatch1.ConsoleApp4", "ASODotNetTrainingBatch1.ConsoleApp4\ASODotNetTrainingBatch1.ConsoleApp4.csproj", "{6DBABFC1-8381-437B-9C79-C92261421F73}"
EndProject
Project("{FAE04EC0-301F-11D3-BF4B-00C04F79EFBC}") = "ASODotNetTrainingBatch1.ConsoleApp5", "ASODotNetTrainingBatch1.ConsoleApp5\ASODotNetTrainingBatch1.ConsoleApp5.csproj", "{54668B9F-6198-41B7-B26C-8F1AC95798A2}"
EndProject
Project("{FAE04EC0-301F-11D3-BF4B-00C04F79EFBC}") = "ASODotNetTrainingBatch1.Database", "ASODotNetTrainingBatch1.Database\ASODotNetTrainingBatch1.Database.csproj", "{58CF6E96-49FC-4D31-A645-CF990115690D}"
EndProject
Global
	GlobalSection(SolutionConfigurationPlatforms) = preSolution
		Debug|Any CPU = Debug|Any CPU
		Release|Any CPU = Release|Any CPU
	EndGlobalSection
	GlobalSection(ProjectConfigurationPlatforms) = postSolution
		{ADABC319-4E4F-43E0-9413-DCA95DDC8D88}.Debug|Any CPU.ActiveCfg = Debug|Any CPU
		{ADABC319-4E4F-43E0-9413-DCA95DDC8D88}.Debug|Any CPU.Build.0 = Debug|Any CPU
		{ADABC319-4E4F-43E0-9413-DCA95DDC8D88}.Release|Any CPU.ActiveCfg = Release|Any CPU
		{ADABC319-4E4F-43E0-9413-DCA95DDC8D88}.Release|Any CPU.Build.0 = Release|Any CPU
		{B688EA03-B63C-4D7A-A0A8-6EA3CD007A33}.Debug|Any CPU.ActiveCfg = Debug|Any CPU
		{B688EA03-B63C-4D7A-A0A8-6EA3CD007A33}.Debug|Any CPU.Build.0 = Debug|Any CPU
		{B688EA03-B63C-4D7A-A0A8-6EA3CD007A33}.Release|Any CPU.ActiveCfg = Release|Any CPU
		{B688EA03-B63C-4D7A-A0A8-6EA3CD007A33}.Release|Any CPU.Build.0 = Release|Any CPU
		{E78D0111-32EB-44A7-AEFE-EB44A9F624D3}.Debug|Any CPU.ActiveCfg = Debug|Any CPU
		{E78D0111-32EB-44A7-AEFE-EB44A9F624D3}.Debug|Any CPU.Build.0 = Debug|Any CPU
		{E78D0111-32EB-44A7-AEFE-EB44A9F624D3}.Release|Any CPU.ActiveCfg = Release|Any CPU
		{E78D0111-32EB-44A7-AEFE-EB44A9F624D3}.Release|Any CPU.Build.0 = Release|Any CPU
		{74F40489-923C-4CCB-A287-201B78CAE302}.Debug|Any CPU.ActiveCfg = Debug|Any CPU
		{74F40489-923C-4CCB-A287-201B78CAE302}.Debug|Any CPU.Build.0 = Debug|Any CPU
		{74F40489-923C-4CCB-A287-201B78CAE302}.Release|Any CPU.ActiveCfg = Release|Any CPU
		{74F40489-923C-4CCB-A287-201B78CAE302}.Release|Any CPU.Build.0 = Release|Any CPU
		{1A5A4CA2-3C14-4BD8-A2BA-F932F17EA4B5}.Debug|Any CPU.ActiveCfg = Debug|Any CPU
		{1A5A4CA2-3C14-4BD8-A2BA-F932F17EA4B5}.Debug|Any CPU.Build.0 = Debug|Any CPU
		{1A5A4CA2-3C14-4BD8-A2BA-F932F17EA4B5}.Release|Any CPU.ActiveCfg = Release|Any CPU
		{1A5A4CA2-3C14-4BD8-A2BA-F932F17EA4B5}.Release|Any CPU.Build.0 = Release|Any CPU
		{21638769-53CF-4AD5-8FBE-3BFAF5BFADFE}.Debug|Any CPU.ActiveCfg = Debug|Any CPU
		{21638769-53CF-4AD5-8FBE-3BFAF5BFADFE}.Debug|Any CPU.Build.0 = Debug|Any CPU
		{21638769-53CF-4AD5-8FBE-3BFAF5BFADFE}.Release|Any CPU.ActiveCfg = Release|Any CPU
		{21638769-53CF-4AD5-8FBE-3BFAF5BFADFE}.Release|Any CPU.Build.0 = Release|Any CPU
		{6DBABFC1-8381-437B-9C79-C92261421F73}.Debug|Any CPU.ActiveCfg = Debug|Any CPU
		{6DBABFC1-8381-437B-9C79-C92261421F73}.Debug|Any CPU.Build.0 = Debug|Any CPU
		{6DBABFC1-8381-437B-9C79-C92261421F73}.Release|Any CPU.ActiveCfg = Release|Any CPU
		{6DBABFC1-8381-437B-9C79-C92261421F73}.Release|Any CPU.Build.0 = Release|Any CPU
		{54668B9F-6198-41B7-B26C-8F1AC95798A2}.Debug|Any CPU.ActiveCfg = Debug|Any CPU
		{54668B9F-6198-41B7-B26C-8F1AC95798A2}.Debug|Any CPU.Build.0 = Debug|Any CPU
		{54668B9F-6198-41B7-B26C-8F1AC95798A2}.Release|Any CPU.ActiveCfg = Release|Any CPU
		{54668B9F-6198-41B7-B26C-8F1AC95798A2}.Release|Any CPU.Build.0 = Release|Any CPU
		{58CF6E96-49FC-4D31-A645-CF990115690D}.Debug|Any CPU.ActiveCfg = Debug|Any CPU
		{58CF6E96-49FC-4D31-A645-CF990115690D}.Debug|Any CPU.Build.0 = Debug|Any CPU
		{58CF6E96-49FC-4D31-A645-CF990115690D}.Release|Any CPU.ActiveCfg = Release|Any CPU
		{58CF6E96-49FC-4D31-A645-CF990115690D}.Release|Any CPU.Build.0 = Release|Any CPU
	EndGlobalSection
	GlobalSection(SolutionProperties) = preSolution
		HideSolutionNode = FALSE
	EndGlobalSection
	GlobalSection(ExtensibilityGlobals) = postSolution
		SolutionGuid = {BC3DFD12-4704-4502-AE89-6DC7F0FECAE4}
	EndGlobalSection
EndGlobal
